
Microsoft Visual Studio Solution File, Format Version 12.00
# Visual Studio Version 17
VisualStudioVersion = 17.13.35806.99 d17.13
MinimumVisualStudioVersion = 10.0.40219.1
Project("{FAE04EC0-301F-11D3-BF4B-00C04F79EFBC}") = "modul6_2311104058", "modul6_2311104058\modul6_2311104058.csproj", "{7D854444-088C-4F1C-85CA-AD135CE16AC5}"
EndProject
Global
	GlobalSection(SolutionConfigurationPlatforms) = preSolution
		Debug|Any CPU = Debug|Any CPU
		Release|Any CPU = Release|Any CPU
	EndGlobalSection
	GlobalSection(ProjectConfigurationPlatforms) = postSolution
		{7D854444-088C-4F1C-85CA-AD135CE16AC5}.Debug|Any CPU.ActiveCfg = Debug|Any CPU
		{7D854444-088C-4F1C-85CA-AD135CE16AC5}.Debug|Any CPU.Build.0 = Debug|Any CPU
		{7D854444-088C-4F1C-85CA-AD135CE16AC5}.Release|Any CPU.ActiveCfg = Release|Any CPU
		{7D854444-088C-4F1C-85CA-AD135CE16AC5}.Release|Any CPU.Build.0 = Release|Any CPU
	EndGlobalSection
	GlobalSection(SolutionProperties) = preSolution
		HideSolutionNode = FALSE
	EndGlobalSection
	GlobalSection(ExtensibilityGlobals) = postSolution
		SolutionGuid = {0BEFDD7F-E11C-40AE-8E01-37760019804F}
	EndGlobalSection
EndGlobal
