
Microsoft Visual Studio Solution File, Format Version 12.00
# Visual Studio Version 17
VisualStudioVersion = 17.13.35806.99 d17.13
MinimumVisualStudioVersion = 10.0.40219.1
Project("{FAE04EC0-301F-11D3-BF4B-00C04F79EFBC}") = "tpmodul9_2311104058", "tpmodul9_2311104058\tpmodul9_2311104058.csproj", "{6489BEB2-A0D2-4946-9F1C-E31DD36D0FAA}"
EndProject
Global
	GlobalSection(SolutionConfigurationPlatforms) = preSolution
		Debug|Any CPU = Debug|Any CPU
		Release|Any CPU = Release|Any CPU
	EndGlobalSection
	GlobalSection(ProjectConfigurationPlatforms) = postSolution
		{6489BEB2-A0D2-4946-9F1C-E31DD36D0FAA}.Debug|Any CPU.ActiveCfg = Debug|Any CPU
		{6489BEB2-A0D2-4946-9F1C-E31DD36D0FAA}.Debug|Any CPU.Build.0 = Debug|Any CPU
		{6489BEB2-A0D2-4946-9F1C-E31DD36D0FAA}.Release|Any CPU.ActiveCfg = Release|Any CPU
		{6489BEB2-A0D2-4946-9F1C-E31DD36D0FAA}.Release|Any CPU.Build.0 = Release|Any CPU
	EndGlobalSection
	GlobalSection(SolutionProperties) = preSolution
		HideSolutionNode = FALSE
	EndGlobalSection
	GlobalSection(ExtensibilityGlobals) = postSolution
		SolutionGuid = {39D507E8-879C-41F9-B80F-D3E722039985}
	EndGlobalSection
EndGlobal
