
Microsoft Visual Studio Solution File, Format Version 12.00
# Visual Studio Version 17
VisualStudioVersion = 17.13.35806.99 d17.13
MinimumVisualStudioVersion = 10.0.40219.1
Project("{FAE04EC0-301F-11D3-BF4B-00C04F79EFBC}") = "MatematikaLibraries", "MatematikaLibraries\MatematikaLibraries.csproj", "{8D4242F2-AC49-4FC7-A6F4-704BDB11EB2B}"
EndProject
Project("{FAE04EC0-301F-11D3-BF4B-00C04F79EFBC}") = "MatematikaConsole", "MatematikaConsole\MatematikaConsole.csproj", "{DD7B47D4-777A-488E-A20B-BFC9CAB0AFBB}"
EndProject
Global
	GlobalSection(SolutionConfigurationPlatforms) = preSolution
		Debug|Any CPU = Debug|Any CPU
		Release|Any CPU = Release|Any CPU
	EndGlobalSection
	GlobalSection(ProjectConfigurationPlatforms) = postSolution
		{8D4242F2-AC49-4FC7-A6F4-704BDB11EB2B}.Debug|Any CPU.ActiveCfg = Debug|Any CPU
		{8D4242F2-AC49-4FC7-A6F4-704BDB11EB2B}.Debug|Any CPU.Build.0 = Debug|Any CPU
		{8D4242F2-AC49-4FC7-A6F4-704BDB11EB2B}.Release|Any CPU.ActiveCfg = Release|Any CPU
		{8D4242F2-AC49-4FC7-A6F4-704BDB11EB2B}.Release|Any CPU.Build.0 = Release|Any CPU
		{DD7B47D4-777A-488E-A20B-BFC9CAB0AFBB}.Debug|Any CPU.ActiveCfg = Debug|Any CPU
		{DD7B47D4-777A-488E-A20B-BFC9CAB0AFBB}.Debug|Any CPU.Build.0 = Debug|Any CPU
		{DD7B47D4-777A-488E-A20B-BFC9CAB0AFBB}.Release|Any CPU.ActiveCfg = Release|Any CPU
		{DD7B47D4-777A-488E-A20B-BFC9CAB0AFBB}.Release|Any CPU.Build.0 = Release|Any CPU
	EndGlobalSection
	GlobalSection(SolutionProperties) = preSolution
		HideSolutionNode = FALSE
	EndGlobalSection
	GlobalSection(ExtensibilityGlobals) = postSolution
		SolutionGuid = {29256D3A-47C2-4796-98A0-09A7815DB9E0}
	EndGlobalSection
EndGlobal
