
Microsoft Visual Studio Solution File, Format Version 12.00
# Visual Studio Version 17
VisualStudioVersion = 17.13.35806.99 d17.13
MinimumVisualStudioVersion = 10.0.40219.1
Project("{FAE04EC0-301F-11D3-BF4B-00C04F79EFBC}") = "AljabarLibraries", "AljabarLibraries\AljabarLibraries.csproj", "{89346F7D-C495-4DED-85E7-0FED3FB19B8B}"
EndProject
Project("{FAE04EC0-301F-11D3-BF4B-00C04F79EFBC}") = "AljabarConsole", "AljabarConsole\AljabarConsole.csproj", "{BEC4D0F8-7CC5-4E47-871E-7C4A2B74AE37}"
EndProject
Global
	GlobalSection(SolutionConfigurationPlatforms) = preSolution
		Debug|Any CPU = Debug|Any CPU
		Release|Any CPU = Release|Any CPU
	EndGlobalSection
	GlobalSection(ProjectConfigurationPlatforms) = postSolution
		{89346F7D-C495-4DED-85E7-0FED3FB19B8B}.Debug|Any CPU.ActiveCfg = Debug|Any CPU
		{89346F7D-C495-4DED-85E7-0FED3FB19B8B}.Debug|Any CPU.Build.0 = Debug|Any CPU
		{89346F7D-C495-4DED-85E7-0FED3FB19B8B}.Release|Any CPU.ActiveCfg = Release|Any CPU
		{89346F7D-C495-4DED-85E7-0FED3FB19B8B}.Release|Any CPU.Build.0 = Release|Any CPU
		{BEC4D0F8-7CC5-4E47-871E-7C4A2B74AE37}.Debug|Any CPU.ActiveCfg = Debug|Any CPU
		{BEC4D0F8-7CC5-4E47-871E-7C4A2B74AE37}.Debug|Any CPU.Build.0 = Debug|Any CPU
		{BEC4D0F8-7CC5-4E47-871E-7C4A2B74AE37}.Release|Any CPU.ActiveCfg = Release|Any CPU
		{BEC4D0F8-7CC5-4E47-871E-7C4A2B74AE37}.Release|Any CPU.Build.0 = Release|Any CPU
	EndGlobalSection
	GlobalSection(SolutionProperties) = preSolution
		HideSolutionNode = FALSE
	EndGlobalSection
	GlobalSection(ExtensibilityGlobals) = postSolution
		SolutionGuid = {A0E2AECA-EB70-4D93-9F50-E9896B059103}
	EndGlobalSection
EndGlobal
