
Microsoft Visual Studio Solution File, Format Version 12.00
# Visual Studio Version 17
VisualStudioVersion = 17.13.35806.99 d17.13
MinimumVisualStudioVersion = 10.0.40219.1
Project("{FAE04EC0-301F-11D3-BF4B-00C04F79EFBC}") = "modul9_2311104058", "modul9_2311104058\modul9_2311104058.csproj", "{1B7F05D5-042C-46B8-B390-040210BA9AEC}"
EndProject
Global
	GlobalSection(SolutionConfigurationPlatforms) = preSolution
		Debug|Any CPU = Debug|Any CPU
		Release|Any CPU = Release|Any CPU
	EndGlobalSection
	GlobalSection(ProjectConfigurationPlatforms) = postSolution
		{1B7F05D5-042C-46B8-B390-040210BA9AEC}.Debug|Any CPU.ActiveCfg = Debug|Any CPU
		{1B7F05D5-042C-46B8-B390-040210BA9AEC}.Debug|Any CPU.Build.0 = Debug|Any CPU
		{1B7F05D5-042C-46B8-B390-040210BA9AEC}.Release|Any CPU.ActiveCfg = Release|Any CPU
		{1B7F05D5-042C-46B8-B390-040210BA9AEC}.Release|Any CPU.Build.0 = Release|Any CPU
	EndGlobalSection
	GlobalSection(SolutionProperties) = preSolution
		HideSolutionNode = FALSE
	EndGlobalSection
	GlobalSection(ExtensibilityGlobals) = postSolution
		SolutionGuid = {1566DE8E-5D26-4AF1-8547-825A68125B2B}
	EndGlobalSection
EndGlobal
