
Microsoft Visual Studio Solution File, Format Version 12.00
# Visual Studio Version 17
VisualStudioVersion = 17.13.35806.99 d17.13
MinimumVisualStudioVersion = 10.0.40219.1
Project("{FAE04EC0-301F-11D3-BF4B-00C04F79EFBC}") = "StringLibrary", "StringLibrary\StringLibrary.csproj", "{47548B79-0B1C-4C92-BB76-7A8F536461F7}"
EndProject
Project("{FAE04EC0-301F-11D3-BF4B-00C04F79EFBC}") = "ShowCase", "ShowCase\ShowCase.csproj", "{85B790D7-0176-4C63-B852-53809425A681}"
EndProject
Global
	GlobalSection(SolutionConfigurationPlatforms) = preSolution
		Debug|Any CPU = Debug|Any CPU
		Release|Any CPU = Release|Any CPU
	EndGlobalSection
	GlobalSection(ProjectConfigurationPlatforms) = postSolution
		{47548B79-0B1C-4C92-BB76-7A8F536461F7}.Debug|Any CPU.ActiveCfg = Debug|Any CPU
		{47548B79-0B1C-4C92-BB76-7A8F536461F7}.Debug|Any CPU.Build.0 = Debug|Any CPU
		{47548B79-0B1C-4C92-BB76-7A8F536461F7}.Release|Any CPU.ActiveCfg = Release|Any CPU
		{47548B79-0B1C-4C92-BB76-7A8F536461F7}.Release|Any CPU.Build.0 = Release|Any CPU
		{85B790D7-0176-4C63-B852-53809425A681}.Debug|Any CPU.ActiveCfg = Debug|Any CPU
		{85B790D7-0176-4C63-B852-53809425A681}.Debug|Any CPU.Build.0 = Debug|Any CPU
		{85B790D7-0176-4C63-B852-53809425A681}.Release|Any CPU.ActiveCfg = Release|Any CPU
		{85B790D7-0176-4C63-B852-53809425A681}.Release|Any CPU.Build.0 = Release|Any CPU
	EndGlobalSection
	GlobalSection(SolutionProperties) = preSolution
		HideSolutionNode = FALSE
	EndGlobalSection
	GlobalSection(ExtensibilityGlobals) = postSolution
		SolutionGuid = {2DDEC8F2-B0F6-4282-9E22-A786D046781F}
	EndGlobalSection
EndGlobal
