
Microsoft Visual Studio Solution File, Format Version 12.00
# Visual Studio Version 17
VisualStudioVersion = 17.13.35806.99 d17.13
MinimumVisualStudioVersion = 10.0.40219.1
Project("{FAE04EC0-301F-11D3-BF4B-00C04F79EFBC}") = "praktikum_kpl_modul6_2311104058", "praktikum_kpl_modul6_2311104058\praktikum_kpl_modul6_2311104058.csproj", "{1985819C-E078-4DF8-A490-43E99B19AA48}"
EndProject
Global
	GlobalSection(SolutionConfigurationPlatforms) = preSolution
		Debug|Any CPU = Debug|Any CPU
		Release|Any CPU = Release|Any CPU
	EndGlobalSection
	GlobalSection(ProjectConfigurationPlatforms) = postSolution
		{1985819C-E078-4DF8-A490-43E99B19AA48}.Debug|Any CPU.ActiveCfg = Debug|Any CPU
		{1985819C-E078-4DF8-A490-43E99B19AA48}.Debug|Any CPU.Build.0 = Debug|Any CPU
		{1985819C-E078-4DF8-A490-43E99B19AA48}.Release|Any CPU.ActiveCfg = Release|Any CPU
		{1985819C-E078-4DF8-A490-43E99B19AA48}.Release|Any CPU.Build.0 = Release|Any CPU
	EndGlobalSection
	GlobalSection(SolutionProperties) = preSolution
		HideSolutionNode = FALSE
	EndGlobalSection
	GlobalSection(ExtensibilityGlobals) = postSolution
		SolutionGuid = {26863C1B-3512-4C87-B562-92752C643195}
	EndGlobalSection
EndGlobal
